// !$*UTF8*$!
{
	archiveVersion = 1;
	classes = {
	};
	objectVersion = 77;
	objects = {

/* Begin PBXBuildFile section */
		FB37F6CA2F33EF6900F96E89 /* ABCExamApp.swift in Sources */ = {isa = PBXBuildFile; fileRef = FB37F6BC2F33EF6900F96E89 /* ABCExamApp.swift */; };
		FB37F6CB2F33EF6900F96E89 /* CarouselModel.swift in Sources */ = {isa = PBXBuildFile; fileRef = FB37F6BE2F33EF6900F96E89 /* CarouselModel.swift */; };
		FB37F6CC2F33EF6900F96E89 /* CarouselView.swift in Sources */ = {isa = PBXBuildFile; fileRef = FB37F6BF2F33EF6900F96E89 /* CarouselView.swift */; };
		FB37F6CD2F33EF6900F96E89 /* CarouselViewModel.swift in Sources */ = {isa = PBXBuildFile; fileRef = FB37F6C02F33EF6900F96E89 /* CarouselViewModel.swift */; };
		FB37F6CE2F33EF6900F96E89 /* HomeView.swift in Sources */ = {isa = PBXBuildFile; fileRef = FB37F6C22F33EF6900F96E89 /* HomeView.swift */; };
		FB37F6CF2F33EF6900F96E89 /* HomeViewModel.swift in Sources */ = {isa = PBXBuildFile; fileRef = FB37F6C32F33EF6900F96E89 /* HomeViewModel.swift */; };
		FB37F6D02F33EF6900F96E89 /* City.swift in Sources */ = {isa = PBXBuildFile; fileRef = FB37F6C52F33EF6900F96E89 /* City.swift */; };
		FB37F6D12F33EF6900F96E89 /* Assets.xcassets in Resources */ = {isa = PBXBuildFile; fileRef = FB37F6C72F33EF6900F96E89 /* Assets.xcassets */; };
		FBE0B62D2F34F71700BDE7CC /* CityView.swift in Sources */ = {isa = PBXBuildFile; fileRef = FBE0B62C2F34F71700BDE7CC /* CityView.swift */; };
		FBE0B62F2F34F78F00BDE7CC /* CityViewModel.swift in Sources */ = {isa = PBXBuildFile; fileRef = FBE0B62E2F34F78F00BDE7CC /* CityViewModel.swift */; };
		FBE0B6312F34F86F00BDE7CC /* Colors.xcassets in Resources */ = {isa = PBXBuildFile; fileRef = FBE0B6302F34F86F00BDE7CC /* Colors.xcassets */; };
		FBE0B6342F35006200BDE7CC /* SearchTextField.swift in Sources */ = {isa = PBXBuildFile; fileRef = FBE0B6332F35006200BDE7CC /* SearchTextField.swift */; };
		FBE0B6372F35749500BDE7CC /* View.Ext.swift in Sources */ = {isa = PBXBuildFile; fileRef = FBE0B6362F35749500BDE7CC /* View.Ext.swift */; };
		FBE0B63A2F3583D100BDE7CC /* MoreButtonView.swift in Sources */ = {isa = PBXBuildFile; fileRef = FBE0B6392F3583D100BDE7CC /* MoreButtonView.swift */; };
		FBE0B63C2F3590C300BDE7CC /* TextOverlayView.swift in Sources */ = {isa = PBXBuildFile; fileRef = FBE0B63B2F3590C300BDE7CC /* TextOverlayView.swift */; };
/* End PBXBuildFile section */

/* Begin PBXFileReference section */
		FB37F6832F33A19600F96E89 /* ABCExam.app */ = {isa = PBXFileReference; explicitFileType = wrapper.application; includeInIndex = 0; path = ABCExam.app; sourceTree = BUILT_PRODUCTS_DIR; };
		FB37F6BC2F33EF6900F96E89 /* ABCExamApp.swift */ = {isa = PBXFileReference; lastKnownFileType = sourcecode.swift; path = ABCExamApp.swift; sourceTree = "<group>"; };
		FB37F6BE2F33EF6900F96E89 /* CarouselModel.swift */ = {isa = PBXFileReference; lastKnownFileType = sourcecode.swift; path = CarouselModel.swift; sourceTree = "<group>"; };
		FB37F6BF2F33EF6900F96E89 /* CarouselView.swift */ = {isa = PBXFileReference; lastKnownFileType = sourcecode.swift; path = CarouselView.swift; sourceTree = "<group>"; };
		FB37F6C02F33EF6900F96E89 /* CarouselViewModel.swift */ = {isa = PBXFileReference; lastKnownFileType = sourcecode.swift; path = CarouselViewModel.swift; sourceTree = "<group>"; };
		FB37F6C22F33EF6900F96E89 /* HomeView.swift */ = {isa = PBXFileReference; lastKnownFileType = sourcecode.swift; path = HomeView.swift; sourceTree = "<group>"; };
		FB37F6C32F33EF6900F96E89 /* HomeViewModel.swift */ = {isa = PBXFileReference; lastKnownFileType = sourcecode.swift; path = HomeViewModel.swift; sourceTree = "<group>"; };
		FB37F6C52F33EF6900F96E89 /* City.swift */ = {isa = PBXFileReference; lastKnownFileType = sourcecode.swift; path = City.swift; sourceTree = "<group>"; };
		FB37F6C72F33EF6900F96E89 /* Assets.xcassets */ = {isa = PBXFileReference; lastKnownFileType = folder.assetcatalog; path = Assets.xcassets; sourceTree = "<group>"; };
		FBE0B62C2F34F71700BDE7CC /* CityView.swift */ = {isa = PBXFileReference; lastKnownFileType = sourcecode.swift; path = CityView.swift; sourceTree = "<group>"; };
		FBE0B62E2F34F78F00BDE7CC /* CityViewModel.swift */ = {isa = PBXFileReference; lastKnownFileType = sourcecode.swift; path = CityViewModel.swift; sourceTree = "<group>"; };
		FBE0B6302F34F86F00BDE7CC /* Colors.xcassets */ = {isa = PBXFileReference; lastKnownFileType = folder.assetcatalog; path = Colors.xcassets; sourceTree = "<group>"; };
		FBE0B6332F35006200BDE7CC /* SearchTextField.swift */ = {isa = PBXFileReference; lastKnownFileType = sourcecode.swift; path = SearchTextField.swift; sourceTree = "<group>"; };
		FBE0B6362F35749500BDE7CC /* View.Ext.swift */ = {isa = PBXFileReference; lastKnownFileType = sourcecode.swift; path = View.Ext.swift; sourceTree = "<group>"; };
		FBE0B6392F3583D100BDE7CC /* MoreButtonView.swift */ = {isa = PBXFileReference; lastKnownFileType = sourcecode.swift; path = MoreButtonView.swift; sourceTree = "<group>"; };
		FBE0B63B2F3590C300BDE7CC /* TextOverlayView.swift */ = {isa = PBXFileReference; lastKnownFileType = sourcecode.swift; path = TextOverlayView.swift; sourceTree = "<group>"; };
/* End PBXFileReference section */

/* Begin PBXFrameworksBuildPhase section */
		FB37F6802F33A19600F96E89 /* Frameworks */ = {
			isa = PBXFrameworksBuildPhase;
			buildActionMask = 2147483647;
			files = (
			);
			runOnlyForDeploymentPostprocessing = 0;
		};
/* End PBXFrameworksBuildPhase section */

/* Begin PBXGroup section */
		FB37F67A2F33A19500F96E89 = {
			isa = PBXGroup;
			children = (
				FB37F6C92F33EF6900F96E89 /* ABCExam */,
				FB37F6842F33A19600F96E89 /* Products */,
			);
			sourceTree = "<group>";
		};
		FB37F6842F33A19600F96E89 /* Products */ = {
			isa = PBXGroup;
			children = (
				FB37F6832F33A19600F96E89 /* ABCExam.app */,
			);
			name = Products;
			sourceTree = "<group>";
		};
		FB37F6BD2F33EF6900F96E89 /* App */ = {
			isa = PBXGroup;
			children = (
				FB37F6BC2F33EF6900F96E89 /* ABCExamApp.swift */,
			);
			path = App;
			sourceTree = "<group>";
		};
		FB37F6C12F33EF6900F96E89 /* Carousel */ = {
			isa = PBXGroup;
			children = (
				FB37F6BE2F33EF6900F96E89 /* CarouselModel.swift */,
				FB37F6BF2F33EF6900F96E89 /* CarouselView.swift */,
				FB37F6C02F33EF6900F96E89 /* CarouselViewModel.swift */,
			);
			path = Carousel;
			sourceTree = "<group>";
		};
		FB37F6C42F33EF6900F96E89 /* Home */ = {
			isa = PBXGroup;
			children = (
				FB37F6C22F33EF6900F96E89 /* HomeView.swift */,
				FB37F6C32F33EF6900F96E89 /* HomeViewModel.swift */,
			);
			path = Home;
			sourceTree = "<group>";
		};
		FB37F6C82F33EF6900F96E89 /* Resources */ = {
			isa = PBXGroup;
			children = (
				FB37F6C72F33EF6900F96E89 /* Assets.xcassets */,
				FBE0B6302F34F86F00BDE7CC /* Colors.xcassets */,
			);
			path = Resources;
			sourceTree = "<group>";
		};
		FB37F6C92F33EF6900F96E89 /* ABCExam */ = {
			isa = PBXGroup;
			children = (
				FB37F6BD2F33EF6900F96E89 /* App */,
				FB37F6D22F33F06000F96E89 /* Domain */,
				FBE0B6292F34F6E000BDE7CC /* Scenes */,
				FBE0B62A2F34F6E900BDE7CC /* Elements */,
				FBE0B6352F35748200BDE7CC /* Utilities */,
				FB37F6C82F33EF6900F96E89 /* Resources */,
			);
			path = ABCExam;
			sourceTree = "<group>";
		};
		FB37F6D22F33F06000F96E89 /* Domain */ = {
			isa = PBXGroup;
			children = (
				FB37F6C52F33EF6900F96E89 /* City.swift */,
			);
			path = Domain;
			sourceTree = "<group>";
		};
		FBE0B6292F34F6E000BDE7CC /* Scenes */ = {
			isa = PBXGroup;
			children = (
				FB37F6C42F33EF6900F96E89 /* Home */,
			);
			path = Scenes;
			sourceTree = "<group>";
		};
		FBE0B62A2F34F6E900BDE7CC /* Elements */ = {
			isa = PBXGroup;
			children = (
				FB37F6C12F33EF6900F96E89 /* Carousel */,
				FBE0B62B2F34F6FF00BDE7CC /* City View */,
				FBE0B6322F35005100BDE7CC /* SearchTextField */,
				FBE0B6382F3583A700BDE7CC /* More Button */,
			);
			path = Elements;
			sourceTree = "<group>";
		};
		FBE0B62B2F34F6FF00BDE7CC /* City View */ = {
			isa = PBXGroup;
			children = (
				FBE0B62C2F34F71700BDE7CC /* CityView.swift */,
				FBE0B62E2F34F78F00BDE7CC /* CityViewModel.swift */,
			);
			path = "City View";
			sourceTree = "<group>";
		};
		FBE0B6322F35005100BDE7CC /* SearchTextField */ = {
			isa = PBXGroup;
			children = (
				FBE0B6332F35006200BDE7CC /* SearchTextField.swift */,
			);
			path = SearchTextField;
			sourceTree = "<group>";
		};
		FBE0B6352F35748200BDE7CC /* Utilities */ = {
			isa = PBXGroup;
			children = (
				FBE0B6362F35749500BDE7CC /* View.Ext.swift */,
			);
			path = Utilities;
			sourceTree = "<group>";
		};
		FBE0B6382F3583A700BDE7CC /* More Button */ = {
			isa = PBXGroup;
			children = (
				FBE0B6392F3583D100BDE7CC /* MoreButtonView.swift */,
				FBE0B63B2F3590C300BDE7CC /* TextOverlayView.swift */,
			);
			path = "More Button";
			sourceTree = "<group>";
		};
/* End PBXGroup section */

/* Begin PBXNativeTarget section */
		FB37F6822F33A19600F96E89 /* ABCExam */ = {
			isa = PBXNativeTarget;
			buildConfigurationList = FB37F68E2F33A19700F96E89 /* Build configuration list for PBXNativeTarget "ABCExam" */;
			buildPhases = (
				FB37F67F2F33A19600F96E89 /* Sources */,
				FB37F6802F33A19600F96E89 /* Frameworks */,
				FB37F6812F33A19600F96E89 /* Resources */,
			);
			buildRules = (
			);
			dependencies = (
			);
			name = ABCExam;
			packageProductDependencies = (
			);
			productName = ABCExam;
			productReference = FB37F6832F33A19600F96E89 /* ABCExam.app */;
			productType = "com.apple.product-type.application";
		};
/* End PBXNativeTarget section */

/* Begin PBXProject section */
		FB37F67B2F33A19500F96E89 /* Project object */ = {
			isa = PBXProject;
			attributes = {
				BuildIndependentTargetsInParallel = 1;
				LastSwiftUpdateCheck = 2620;
				LastUpgradeCheck = 2620;
				TargetAttributes = {
					FB37F6822F33A19600F96E89 = {
						CreatedOnToolsVersion = 26.2;
					};
				};
			};
			buildConfigurationList = FB37F67E2F33A19500F96E89 /* Build configuration list for PBXProject "ABCExam" */;
			developmentRegion = en;
			hasScannedForEncodings = 0;
			knownRegions = (
				en,
				Base,
			);
			mainGroup = FB37F67A2F33A19500F96E89;
			minimizedProjectReferenceProxies = 1;
			preferredProjectObjectVersion = 77;
			productRefGroup = FB37F6842F33A19600F96E89 /* Products */;
			projectDirPath = "";
			projectRoot = "";
			targets = (
				FB37F6822F33A19600F96E89 /* ABCExam */,
			);
		};
/* End PBXProject section */

/* Begin PBXResourcesBuildPhase section */
		FB37F6812F33A19600F96E89 /* Resources */ = {
			isa = PBXResourcesBuildPhase;
			buildActionMask = 2147483647;
			files = (
				FB37F6D12F33EF6900F96E89 /* Assets.xcassets in Resources */,
				FBE0B6312F34F86F00BDE7CC /* Colors.xcassets in Resources */,
			);
			runOnlyForDeploymentPostprocessing = 0;
		};
/* End PBXResourcesBuildPhase section */

/* Begin PBXSourcesBuildPhase section */
		FB37F67F2F33A19600F96E89 /* Sources */ = {
			isa = PBXSourcesBuildPhase;
			buildActionMask = 2147483647;
			files = (
				FB37F6CA2F33EF6900F96E89 /* ABCExamApp.swift in Sources */,
				FB37F6CB2F33EF6900F96E89 /* CarouselModel.swift in Sources */,
				FB37F6CC2F33EF6900F96E89 /* CarouselView.swift in Sources */,
				FB37F6CD2F33EF6900F96E89 /* CarouselViewModel.swift in Sources */,
				FB37F6CE2F33EF6900F96E89 /* HomeView.swift in Sources */,
				FBE0B6342F35006200BDE7CC /* SearchTextField.swift in Sources */,
				FBE0B62D2F34F71700BDE7CC /* CityView.swift in Sources */,
				FB37F6CF2F33EF6900F96E89 /* HomeViewModel.swift in Sources */,
				FBE0B63C2F3590C300BDE7CC /* TextOverlayView.swift in Sources */,
				FBE0B6372F35749500BDE7CC /* View.Ext.swift in Sources */,
				FBE0B62F2F34F78F00BDE7CC /* CityViewModel.swift in Sources */,
				FBE0B63A2F3583D100BDE7CC /* MoreButtonView.swift in Sources */,
				FB37F6D02F33EF6900F96E89 /* City.swift in Sources */,
			);
			runOnlyForDeploymentPostprocessing = 0;
		};
/* End PBXSourcesBuildPhase section */

/* Begin XCBuildConfiguration section */
		FB37F68C2F33A19700F96E89 /* Debug */ = {
			isa = XCBuildConfiguration;
			buildSettings = {
				ALWAYS_SEARCH_USER_PATHS = NO;
				ASSETCATALOG_COMPILER_GENERATE_SWIFT_ASSET_SYMBOL_EXTENSIONS = YES;
				CLANG_ANALYZER_NONNULL = YES;
				CLANG_ANALYZER_NUMBER_OBJECT_CONVERSION = YES_AGGRESSIVE;
				CLANG_CXX_LANGUAGE_STANDARD = "gnu++20";
				CLANG_ENABLE_MODULES = YES;
				CLANG_ENABLE_OBJC_ARC = YES;
				CLANG_ENABLE_OBJC_WEAK = YES;
				CLANG_WARN_BLOCK_CAPTURE_AUTORELEASING = YES;
				CLANG_WARN_BOOL_CONVERSION = YES;
				CLANG_WARN_COMMA = YES;
				CLANG_WARN_CONSTANT_CONVERSION = YES;
				CLANG_WARN_DEPRECATED_OBJC_IMPLEMENTATIONS = YES;
				CLANG_WARN_DIRECT_OBJC_ISA_USAGE = YES_ERROR;
				CLANG_WARN_DOCUMENTATION_COMMENTS = YES;
				CLANG_WARN_EMPTY_BODY = YES;
				CLANG_WARN_ENUM_CONVERSION = YES;
				CLANG_WARN_INFINITE_RECURSION = YES;
				CLANG_WARN_INT_CONVERSION = YES;
				CLANG_WARN_NON_LITERAL_NULL_CONVERSION = YES;
				CLANG_WARN_OBJC_IMPLICIT_RETAIN_SELF = YES;
				CLANG_WARN_OBJC_LITERAL_CONVERSION = YES;
				CLANG_WARN_OBJC_ROOT_CLASS = YES_ERROR;
				CLANG_WARN_QUOTED_INCLUDE_IN_FRAMEWORK_HEADER = YES;
				CLANG_WARN_RANGE_LOOP_ANALYSIS = YES;
				CLANG_WARN_STRICT_PROTOTYPES = YES;
				CLANG_WARN_SUSPICIOUS_MOVE = YES;
				CLANG_WARN_UNGUARDED_AVAILABILITY = YES_AGGRESSIVE;
				CLANG_WARN_UNREACHABLE_CODE = YES;
				CLANG_WARN__DUPLICATE_METHOD_MATCH = YES;
				COPY_PHASE_STRIP = NO;
				DEBUG_INFORMATION_FORMAT = dwarf;
				DEVELOPMENT_TEAM = F75Y2M3DZF;
				ENABLE_STRICT_OBJC_MSGSEND = YES;
				ENABLE_TESTABILITY = YES;
				ENABLE_USER_SCRIPT_SANDBOXING = YES;
				GCC_C_LANGUAGE_STANDARD = gnu17;
				GCC_DYNAMIC_NO_PIC = NO;
				GCC_NO_COMMON_BLOCKS = YES;
				GCC_OPTIMIZATION_LEVEL = 0;
				GCC_PREPROCESSOR_DEFINITIONS = (
					"DEBUG=1",
					"$(inherited)",
				);
				GCC_WARN_64_TO_32_BIT_CONVERSION = YES;
				GCC_WARN_ABOUT_RETURN_TYPE = YES_ERROR;
				GCC_WARN_UNDECLARED_SELECTOR = YES;
				GCC_WARN_UNINITIALIZED_AUTOS = YES_AGGRESSIVE;
				GCC_WARN_UNUSED_FUNCTION = YES;
				GCC_WARN_UNUSED_VARIABLE = YES;
				IPHONEOS_DEPLOYMENT_TARGET = 26.2;
				LOCALIZATION_PREFERS_STRING_CATALOGS = YES;
				MTL_ENABLE_DEBUG_INFO = INCLUDE_SOURCE;
				MTL_FAST_MATH = YES;
				ONLY_ACTIVE_ARCH = YES;
				SDKROOT = iphoneos;
				SWIFT_ACTIVE_COMPILATION_CONDITIONS = "DEBUG $(inherited)";
				SWIFT_OPTIMIZATION_LEVEL = "-Onone";
			};
			name = Debug;
		};
		FB37F68D2F33A19700F96E89 /* Release */ = {
			isa = XCBuildConfiguration;
			buildSettings = {
				ALWAYS_SEARCH_USER_PATHS = NO;
				ASSETCATALOG_COMPILER_GENERATE_SWIFT_ASSET_SYMBOL_EXTENSIONS = YES;
				CLANG_ANALYZER_NONNULL = YES;
				CLANG_ANALYZER_NUMBER_OBJECT_CONVERSION = YES_AGGRESSIVE;
				CLANG_CXX_LANGUAGE_STANDARD = "gnu++20";
				CLANG_ENABLE_MODULES = YES;
				CLANG_ENABLE_OBJC_ARC = YES;
				CLANG_ENABLE_OBJC_WEAK = YES;
				CLANG_WARN_BLOCK_CAPTURE_AUTORELEASING = YES;
				CLANG_WARN_BOOL_CONVERSION = YES;
				CLANG_WARN_COMMA = YES;
				CLANG_WARN_CONSTANT_CONVERSION = YES;
				CLANG_WARN_DEPRECATED_OBJC_IMPLEMENTATIONS = YES;
				CLANG_WARN_DIRECT_OBJC_ISA_USAGE = YES_ERROR;
				CLANG_WARN_DOCUMENTATION_COMMENTS = YES;
				CLANG_WARN_EMPTY_BODY = YES;
				CLANG_WARN_ENUM_CONVERSION = YES;
				CLANG_WARN_INFINITE_RECURSION = YES;
				CLANG_WARN_INT_CONVERSION = YES;
				CLANG_WARN_NON_LITERAL_NULL_CONVERSION = YES;
				CLANG_WARN_OBJC_IMPLICIT_RETAIN_SELF = YES;
				CLANG_WARN_OBJC_LITERAL_CONVERSION = YES;
				CLANG_WARN_OBJC_ROOT_CLASS = YES_ERROR;
				CLANG_WARN_QUOTED_INCLUDE_IN_FRAMEWORK_HEADER = YES;
				CLANG_WARN_RANGE_LOOP_ANALYSIS = YES;
				CLANG_WARN_STRICT_PROTOTYPES = YES;
				CLANG_WARN_SUSPICIOUS_MOVE = YES;
				CLANG_WARN_UNGUARDED_AVAILABILITY = YES_AGGRESSIVE;
				CLANG_WARN_UNREACHABLE_CODE = YES;
				CLANG_WARN__DUPLICATE_METHOD_MATCH = YES;
				COPY_PHASE_STRIP = NO;
				DEBUG_INFORMATION_FORMAT = "dwarf-with-dsym";
				DEVELOPMENT_TEAM = F75Y2M3DZF;
				ENABLE_NS_ASSERTIONS = NO;
				ENABLE_STRICT_OBJC_MSGSEND = YES;
				ENABLE_USER_SCRIPT_SANDBOXING = YES;
				GCC_C_LANGUAGE_STANDARD = gnu17;
				GCC_NO_COMMON_BLOCKS = YES;
				GCC_WARN_64_TO_32_BIT_CONVERSION = YES;
				GCC_WARN_ABOUT_RETURN_TYPE = YES_ERROR;
				GCC_WARN_UNDECLARED_SELECTOR = YES;
				GCC_WARN_UNINITIALIZED_AUTOS = YES_AGGRESSIVE;
				GCC_WARN_UNUSED_FUNCTION = YES;
				GCC_WARN_UNUSED_VARIABLE = YES;
				IPHONEOS_DEPLOYMENT_TARGET = 26.2;
				LOCALIZATION_PREFERS_STRING_CATALOGS = YES;
				MTL_ENABLE_DEBUG_INFO = NO;
				MTL_FAST_MATH = YES;
				SDKROOT = iphoneos;
				SWIFT_COMPILATION_MODE = wholemodule;
				VALIDATE_PRODUCT = YES;
			};
			name = Release;
		};
		FB37F68F2F33A19700F96E89 /* Debug */ = {
			isa = XCBuildConfiguration;
			buildSettings = {
				ASSETCATALOG_COMPILER_APPICON_NAME = AppIcon;
				ASSETCATALOG_COMPILER_GLOBAL_ACCENT_COLOR_NAME = AccentColor;
				CODE_SIGN_STYLE = Automatic;
				CURRENT_PROJECT_VERSION = 1;
				DEVELOPMENT_TEAM = F75Y2M3DZF;
				ENABLE_PREVIEWS = YES;
				GENERATE_INFOPLIST_FILE = YES;
				INFOPLIST_KEY_UIApplicationSceneManifest_Generation = YES;
				INFOPLIST_KEY_UIApplicationSupportsIndirectInputEvents = YES;
				INFOPLIST_KEY_UILaunchScreen_Generation = YES;
				INFOPLIST_KEY_UISupportedInterfaceOrientations = UIInterfaceOrientationPortrait;
				IPHONEOS_DEPLOYMENT_TARGET = 18.6;
				LD_RUNPATH_SEARCH_PATHS = (
					"$(inherited)",
					"@executable_path/Frameworks",
				);
				MARKETING_VERSION = 1.0;
				PRODUCT_BUNDLE_IDENTIFIER = com.AE.ABCExam;
				PRODUCT_NAME = "$(TARGET_NAME)";
				STRING_CATALOG_GENERATE_SYMBOLS = YES;
				SWIFT_APPROACHABLE_CONCURRENCY = YES;
				SWIFT_DEFAULT_ACTOR_ISOLATION = MainActor;
				SWIFT_EMIT_LOC_STRINGS = YES;
				SWIFT_UPCOMING_FEATURE_MEMBER_IMPORT_VISIBILITY = YES;
				SWIFT_VERSION = 5.0;
				TARGETED_DEVICE_FAMILY = "1,2";
			};
			name = Debug;
		};
		FB37F6902F33A19700F96E89 /* Release */ = {
			isa = XCBuildConfiguration;
			buildSettings = {
				ASSETCATALOG_COMPILER_APPICON_NAME = AppIcon;
				ASSETCATALOG_COMPILER_GLOBAL_ACCENT_COLOR_NAME = AccentColor;
				CODE_SIGN_STYLE = Automatic;
				CURRENT_PROJECT_VERSION = 1;
				DEVELOPMENT_TEAM = F75Y2M3DZF;
				ENABLE_PREVIEWS = YES;
				GENERATE_INFOPLIST_FILE = YES;
				INFOPLIST_KEY_UIApplicationSceneManifest_Generation = YES;
				INFOPLIST_KEY_UIApplicationSupportsIndirectInputEvents = YES;
				INFOPLIST_KEY_UILaunchScreen_Generation = YES;
				INFOPLIST_KEY_UISupportedInterfaceOrientations = UIInterfaceOrientationPortrait;
				IPHONEOS_DEPLOYMENT_TARGET = 18.6;
				LD_RUNPATH_SEARCH_PATHS = (
					"$(inherited)",
					"@executable_path/Frameworks",
				);
				MARKETING_VERSION = 1.0;
				PRODUCT_BUNDLE_IDENTIFIER = com.AE.ABCExam;
				PRODUCT_NAME = "$(TARGET_NAME)";
				STRING_CATALOG_GENERATE_SYMBOLS = YES;
				SWIFT_APPROACHABLE_CONCURRENCY = YES;
				SWIFT_DEFAULT_ACTOR_ISOLATION = MainActor;
				SWIFT_EMIT_LOC_STRINGS = YES;
				SWIFT_UPCOMING_FEATURE_MEMBER_IMPORT_VISIBILITY = YES;
				SWIFT_VERSION = 5.0;
				TARGETED_DEVICE_FAMILY = "1,2";
			};
			name = Release;
		};
/* End XCBuildConfiguration section */

/* Begin XCConfigurationList section */
		FB37F67E2F33A19500F96E89 /* Build configuration list for PBXProject "ABCExam" */ = {
			isa = XCConfigurationList;
			buildConfigurations = (
				FB37F68C2F33A19700F96E89 /* Debug */,
				FB37F68D2F33A19700F96E89 /* Release */,
			);
			defaultConfigurationIsVisible = 0;
			defaultConfigurationName = Release;
		};
		FB37F68E2F33A19700F96E89 /* Build configuration list for PBXNativeTarget "ABCExam" */ = {
			isa = XCConfigurationList;
			buildConfigurations = (
				FB37F68F2F33A19700F96E89 /* Debug */,
				FB37F6902F33A19700F96E89 /* Release */,
			);
			defaultConfigurationIsVisible = 0;
			defaultConfigurationName = Release;
		};
/* End XCConfigurationList section */
	};
	rootObject = FB37F67B2F33A19500F96E89 /* Project object */;
}
